
Microsoft Visual Studio Solution File, Format Version 12.00
Project("{FAE04EC0-301F-11D3-BF4B-00C04F79EFBC}") = "UIGenerator", "UIGenerator\UIGenerator.csproj", "{8D866FD4-F856-4124-9F85-A6FC00E656E6}"
EndProject
Project("{FAE04EC0-301F-11D3-BF4B-00C04F79EFBC}") = "Starter", "Starter\Starter.csproj", "{1945010F-43F3-42E1-88A5-1566546911CF}"
EndProject
Global
	GlobalSection(SolutionConfigurationPlatforms) = preSolution
		Debug|Any CPU = Debug|Any CPU
		Release|Any CPU = Release|Any CPU
	EndGlobalSection
	GlobalSection(ProjectConfigurationPlatforms) = postSolution
		{8D866FD4-F856-4124-9F85-A6FC00E656E6}.Debug|Any CPU.ActiveCfg = Debug|Any CPU
		{8D866FD4-F856-4124-9F85-A6FC00E656E6}.Debug|Any CPU.Build.0 = Debug|Any CPU
		{8D866FD4-F856-4124-9F85-A6FC00E656E6}.Release|Any CPU.ActiveCfg = Release|Any CPU
		{8D866FD4-F856-4124-9F85-A6FC00E656E6}.Release|Any CPU.Build.0 = Release|Any CPU
		{1945010F-43F3-42E1-88A5-1566546911CF}.Debug|Any CPU.ActiveCfg = Debug|Any CPU
		{1945010F-43F3-42E1-88A5-1566546911CF}.Debug|Any CPU.Build.0 = Debug|Any CPU
		{1945010F-43F3-42E1-88A5-1566546911CF}.Release|Any CPU.ActiveCfg = Release|Any CPU
		{1945010F-43F3-42E1-88A5-1566546911CF}.Release|Any CPU.Build.0 = Release|Any CPU
	EndGlobalSection
EndGlobal
